
Microsoft Visual Studio Solution File, Format Version 12.00
# Visual Studio Version 17
VisualStudioVersion = 17.0.31912.275
MinimumVisualStudioVersion = 10.0.40219.1
Project("{FAE04EC0-301F-11D3-BF4B-00C04F79EFBC}") = "LineComparisionUsingClass", "LineComparisionUsingClass\LineComparisionUsingClass.csproj", "{8156D619-6BD7-4527-AD2D-8593D760451D}"
EndProject
Global
	GlobalSection(SolutionConfigurationPlatforms) = preSolution
		Debug|Any CPU = Debug|Any CPU
		Release|Any CPU = Release|Any CPU
	EndGlobalSection
	GlobalSection(ProjectConfigurationPlatforms) = postSolution
		{8156D619-6BD7-4527-AD2D-8593D760451D}.Debug|Any CPU.ActiveCfg = Debug|Any CPU
		{8156D619-6BD7-4527-AD2D-8593D760451D}.Debug|Any CPU.Build.0 = Debug|Any CPU
		{8156D619-6BD7-4527-AD2D-8593D760451D}.Release|Any CPU.ActiveCfg = Release|Any CPU
		{8156D619-6BD7-4527-AD2D-8593D760451D}.Release|Any CPU.Build.0 = Release|Any CPU
	EndGlobalSection
	GlobalSection(SolutionProperties) = preSolution
		HideSolutionNode = FALSE
	EndGlobalSection
	GlobalSection(ExtensibilityGlobals) = postSolution
		SolutionGuid = {81878750-7189-476F-8E7A-E4EBFC01BC01}
	EndGlobalSection
EndGlobal
